
Microsoft Visual Studio Solution File, Format Version 12.00
# Visual Studio Version 17
VisualStudioVersion = 17.5.002.0
MinimumVisualStudioVersion = 10.0.40219.1
Project("{9A19103F-16F7-4668-BE54-9A1E7A4F7556}") = "LayoutViewsExample", "LayoutViewsExample.csproj", "{B5B69B21-FB1B-4784-B14A-3C7FA219EDF2}"
EndProject
Global
	GlobalSection(SolutionConfigurationPlatforms) = preSolution
		Debug|Any CPU = Debug|Any CPU
		Release|Any CPU = Release|Any CPU
	EndGlobalSection
	GlobalSection(ProjectConfigurationPlatforms) = postSolution
		{B5B69B21-FB1B-4784-B14A-3C7FA219EDF2}.Debug|Any CPU.ActiveCfg = Debug|Any CPU
		{B5B69B21-FB1B-4784-B14A-3C7FA219EDF2}.Debug|Any CPU.Build.0 = Debug|Any CPU
		{B5B69B21-FB1B-4784-B14A-3C7FA219EDF2}.Release|Any CPU.ActiveCfg = Release|Any CPU
		{B5B69B21-FB1B-4784-B14A-3C7FA219EDF2}.Release|Any CPU.Build.0 = Release|Any CPU
	EndGlobalSection
	GlobalSection(SolutionProperties) = preSolution
		HideSolutionNode = FALSE
	EndGlobalSection
	GlobalSection(ExtensibilityGlobals) = postSolution
		SolutionGuid = {4417D6FB-766F-4110-822F-535503161967}
	EndGlobalSection
EndGlobal
