
Microsoft Visual Studio Solution File, Format Version 12.00
# Visual Studio Version 17
VisualStudioVersion = 17.5.002.0
MinimumVisualStudioVersion = 10.0.40219.1
Project("{9A19103F-16F7-4668-BE54-9A1E7A4F7556}") = "ViewComponentsExample", "ViewComponentsExample.csproj", "{ABC4ED67-7517-464B-B5FC-E7B192EEFE33}"
EndProject
Global
	GlobalSection(SolutionConfigurationPlatforms) = preSolution
		Debug|Any CPU = Debug|Any CPU
		Release|Any CPU = Release|Any CPU
	EndGlobalSection
	GlobalSection(ProjectConfigurationPlatforms) = postSolution
		{ABC4ED67-7517-464B-B5FC-E7B192EEFE33}.Debug|Any CPU.ActiveCfg = Debug|Any CPU
		{ABC4ED67-7517-464B-B5FC-E7B192EEFE33}.Debug|Any CPU.Build.0 = Debug|Any CPU
		{ABC4ED67-7517-464B-B5FC-E7B192EEFE33}.Release|Any CPU.ActiveCfg = Release|Any CPU
		{ABC4ED67-7517-464B-B5FC-E7B192EEFE33}.Release|Any CPU.Build.0 = Release|Any CPU
	EndGlobalSection
	GlobalSection(SolutionProperties) = preSolution
		HideSolutionNode = FALSE
	EndGlobalSection
	GlobalSection(ExtensibilityGlobals) = postSolution
		SolutionGuid = {A1F5031F-EA3C-4518-A72B-A6F64BA33144}
	EndGlobalSection
EndGlobal
